
Microsoft Visual Studio Solution File, Format Version 12.00
# Visual Studio Version 16
VisualStudioVersion = 16.0.30608.117
MinimumVisualStudioVersion = 10.0.40219.1
Project("{9A19103F-16F7-4668-BE54-9A1E7A4F7556}") = "Seeds", "Seeds.csproj", "{3B1801F0-82CF-4624-937B-4BF946E970F6}"
EndProject
Project("{2150E333-8FDC-42A3-9474-1A3956D46DE8}") = "Solution Items", "Solution Items", "{BC12D2FE-E21B-4457-AD35-663658C9D9E1}"
	ProjectSection(SolutionItems) = preProject
		.editorconfig = .editorconfig
	EndProjectSection
EndProject
Global
	GlobalSection(SolutionConfigurationPlatforms) = preSolution
		Debug|Any CPU = Debug|Any CPU
		Release|Any CPU = Release|Any CPU
	EndGlobalSection
	GlobalSection(ProjectConfigurationPlatforms) = postSolution
		{3B1801F0-82CF-4624-937B-4BF946E970F6}.Debug|Any CPU.ActiveCfg = Debug|Any CPU
		{3B1801F0-82CF-4624-937B-4BF946E970F6}.Debug|Any CPU.Build.0 = Debug|Any CPU
		{3B1801F0-82CF-4624-937B-4BF946E970F6}.Release|Any CPU.ActiveCfg = Release|Any CPU
		{3B1801F0-82CF-4624-937B-4BF946E970F6}.Release|Any CPU.Build.0 = Release|Any CPU
	EndGlobalSection
	GlobalSection(SolutionProperties) = preSolution
		HideSolutionNode = FALSE
	EndGlobalSection
	GlobalSection(ExtensibilityGlobals) = postSolution
		SolutionGuid = {3411BD2D-0E71-46C3-81EA-84304DF650B2}
	EndGlobalSection
	GlobalSection(MonoDevelopProperties) = preSolution
		Policies = $0
		$0.TextStylePolicy = $3
		$1.inheritsSet = null
		$1.scope = text/x-csharp
		$0.CSharpFormattingPolicy = $2
		$2.scope = text/x-csharp
		$3.FileWidth = 80
		$3.TabsToSpaces = True
		$3.NoTabsAfterNonTabs = True
		$3.scope = text/plain
	EndGlobalSection
EndGlobal
